
Microsoft Visual Studio Solution File, Format Version 12.00
# Visual Studio Version 16
VisualStudioVersion = 16.0.29613.14
MinimumVisualStudioVersion = 10.0.40219.1
Project("{FAE04EC0-301F-11D3-BF4B-00C04F79EFBC}") = "02-EntityFramework-proj", "02-EntityFramework-proj.csproj", "{4AC5644F-8A19-4DDC-AC6F-D913C9C37E07}"
EndProject
Global
	GlobalSection(SolutionConfigurationPlatforms) = preSolution
		Debug|Any CPU = Debug|Any CPU
		Release|Any CPU = Release|Any CPU
	EndGlobalSection
	GlobalSection(ProjectConfigurationPlatforms) = postSolution
		{4AC5644F-8A19-4DDC-AC6F-D913C9C37E07}.Debug|Any CPU.ActiveCfg = Debug|Any CPU
		{4AC5644F-8A19-4DDC-AC6F-D913C9C37E07}.Debug|Any CPU.Build.0 = Debug|Any CPU
		{4AC5644F-8A19-4DDC-AC6F-D913C9C37E07}.Release|Any CPU.ActiveCfg = Release|Any CPU
		{4AC5644F-8A19-4DDC-AC6F-D913C9C37E07}.Release|Any CPU.Build.0 = Release|Any CPU
	EndGlobalSection
	GlobalSection(SolutionProperties) = preSolution
		HideSolutionNode = FALSE
	EndGlobalSection
	GlobalSection(ExtensibilityGlobals) = postSolution
		SolutionGuid = {0AA8B551-9E89-4463-B65E-2C5F2A216B48}
	EndGlobalSection
EndGlobal
